
Microsoft Visual Studio Solution File, Format Version 12.00
# Visual Studio Version 17
VisualStudioVersion = 17.7.34221.43
MinimumVisualStudioVersion = 10.0.40219.1
Project("{FAE04EC0-301F-11D3-BF4B-00C04F79EFBC}") = "UnityHub", "UnityHub\UnityHub.csproj", "{93C2FF47-0CC1-45E4-9946-CF770F115591}"
EndProject
Global
	GlobalSection(SolutionConfigurationPlatforms) = preSolution
		Debug|Any CPU = Debug|Any CPU
		Release|Any CPU = Release|Any CPU
	EndGlobalSection
	GlobalSection(ProjectConfigurationPlatforms) = postSolution
		{93C2FF47-0CC1-45E4-9946-CF770F115591}.Debug|Any CPU.ActiveCfg = Debug|Any CPU
		{93C2FF47-0CC1-45E4-9946-CF770F115591}.Debug|Any CPU.Build.0 = Debug|Any CPU
		{93C2FF47-0CC1-45E4-9946-CF770F115591}.Release|Any CPU.ActiveCfg = Release|Any CPU
		{93C2FF47-0CC1-45E4-9946-CF770F115591}.Release|Any CPU.Build.0 = Release|Any CPU
	EndGlobalSection
	GlobalSection(SolutionProperties) = preSolution
		HideSolutionNode = FALSE
	EndGlobalSection
	GlobalSection(ExtensibilityGlobals) = postSolution
		SolutionGuid = {683F3E7B-FC1A-4ABD-AF36-B89537227C75}
	EndGlobalSection
EndGlobal
